
Microsoft Visual Studio Solution File, Format Version 12.00
# Visual Studio Version 16
VisualStudioVersion = 16.0.30002.166
MinimumVisualStudioVersion = 10.0.40219.1
Project("{FAE04EC0-301F-11D3-BF4B-00C04F79EFBC}") = "Snowman.Tourism.WebApi", "Snowman.Tourism.WebApi\Snowman.Tourism.WebApi.csproj", "{1D054BDF-F154-4710-8A0B-8C22E93B8EFA}"
EndProject
Project("{FAE04EC0-301F-11D3-BF4B-00C04F79EFBC}") = "Snowman.Tourism.Domain", "Snowman.Tourism.Domain\Snowman.Tourism.Domain.csproj", "{F8B7F92C-F8B3-4714-B915-A12B02A5D13F}"
EndProject
Project("{9A19103F-16F7-4668-BE54-9A1E7A4F7556}") = "Snowman.Tourism.Repository", "Snowman.Tourism.Repository\Snowman.Tourism.Repository.csproj", "{0E605BAA-25F4-4B13-A644-BDA5BD59E1EC}"
EndProject
Global
	GlobalSection(SolutionConfigurationPlatforms) = preSolution
		Debug|Any CPU = Debug|Any CPU
		Release|Any CPU = Release|Any CPU
	EndGlobalSection
	GlobalSection(ProjectConfigurationPlatforms) = postSolution
		{1D054BDF-F154-4710-8A0B-8C22E93B8EFA}.Debug|Any CPU.ActiveCfg = Debug|Any CPU
		{1D054BDF-F154-4710-8A0B-8C22E93B8EFA}.Debug|Any CPU.Build.0 = Debug|Any CPU
		{1D054BDF-F154-4710-8A0B-8C22E93B8EFA}.Release|Any CPU.ActiveCfg = Release|Any CPU
		{1D054BDF-F154-4710-8A0B-8C22E93B8EFA}.Release|Any CPU.Build.0 = Release|Any CPU
		{F8B7F92C-F8B3-4714-B915-A12B02A5D13F}.Debug|Any CPU.ActiveCfg = Debug|Any CPU
		{F8B7F92C-F8B3-4714-B915-A12B02A5D13F}.Debug|Any CPU.Build.0 = Debug|Any CPU
		{F8B7F92C-F8B3-4714-B915-A12B02A5D13F}.Release|Any CPU.ActiveCfg = Release|Any CPU
		{F8B7F92C-F8B3-4714-B915-A12B02A5D13F}.Release|Any CPU.Build.0 = Release|Any CPU
		{0E605BAA-25F4-4B13-A644-BDA5BD59E1EC}.Debug|Any CPU.ActiveCfg = Debug|Any CPU
		{0E605BAA-25F4-4B13-A644-BDA5BD59E1EC}.Debug|Any CPU.Build.0 = Debug|Any CPU
		{0E605BAA-25F4-4B13-A644-BDA5BD59E1EC}.Release|Any CPU.ActiveCfg = Release|Any CPU
		{0E605BAA-25F4-4B13-A644-BDA5BD59E1EC}.Release|Any CPU.Build.0 = Release|Any CPU
	EndGlobalSection
	GlobalSection(SolutionProperties) = preSolution
		HideSolutionNode = FALSE
	EndGlobalSection
	GlobalSection(ExtensibilityGlobals) = postSolution
		SolutionGuid = {69C59EC4-AD1E-4E57-B38D-C45375DB2A86}
	EndGlobalSection
EndGlobal
